
Microsoft Visual Studio Solution File, Format Version 12.00
# Visual Studio Version 16
VisualStudioVersion = 16.0.31515.178
MinimumVisualStudioVersion = 10.0.40219.1
Project("{9A19103F-16F7-4668-BE54-9A1E7A4F7556}") = "PushTaThune", "PushTaThune\PushTaThune.csproj", "{690968D4-8A92-4FB9-B01A-94FF4F2DD37D}"
EndProject
Project("{9A19103F-16F7-4668-BE54-9A1E7A4F7556}") = "GUI", "GUI\GUI.csproj", "{7E26D9C1-B1CC-4897-816E-A7FFB4810B07}"
EndProject
Project("{9A19103F-16F7-4668-BE54-9A1E7A4F7556}") = "PushTaThune.DAL", "PushTaThune.DAL\PushTaThune.DAL.csproj", "{23ED4CB5-9698-49C0-9A63-5D7F4FBD28B2}"
EndProject
Project("{2150E333-8FDC-42A3-9474-1A3956D46DE8}") = "Tests", "Tests", "{7A77593C-569B-4399-AC8F-760F7CDF8611}"
EndProject
Project("{FAE04EC0-301F-11D3-BF4B-00C04F79EFBC}") = "GUI.Tests", "Tests\GUI.Tests.csproj", "{34AAB94C-793A-421F-AF2F-F1BC9BC9828B}"
EndProject
Project("{FAE04EC0-301F-11D3-BF4B-00C04F79EFBC}") = "PushTaThune.Tests", "PushTaThune.Tests\PushTaThune.Tests.csproj", "{39AF72B7-5604-4F9D-BE0D-E98589F19CE7}"
EndProject
Project("{FAE04EC0-301F-11D3-BF4B-00C04F79EFBC}") = "PushTaThune.DAL.Tests", "PushTaThune.DAL.Tests\PushTaThune.DAL.Tests.csproj", "{BED7D1D6-DB49-4C69-A7B2-B34DE5C43A85}"
EndProject
Global
	GlobalSection(SolutionConfigurationPlatforms) = preSolution
		Debug|Any CPU = Debug|Any CPU
		Release|Any CPU = Release|Any CPU
	EndGlobalSection
	GlobalSection(ProjectConfigurationPlatforms) = postSolution
		{690968D4-8A92-4FB9-B01A-94FF4F2DD37D}.Debug|Any CPU.ActiveCfg = Debug|Any CPU
		{690968D4-8A92-4FB9-B01A-94FF4F2DD37D}.Debug|Any CPU.Build.0 = Debug|Any CPU
		{690968D4-8A92-4FB9-B01A-94FF4F2DD37D}.Release|Any CPU.ActiveCfg = Release|Any CPU
		{690968D4-8A92-4FB9-B01A-94FF4F2DD37D}.Release|Any CPU.Build.0 = Release|Any CPU
		{7E26D9C1-B1CC-4897-816E-A7FFB4810B07}.Debug|Any CPU.ActiveCfg = Debug|Any CPU
		{7E26D9C1-B1CC-4897-816E-A7FFB4810B07}.Debug|Any CPU.Build.0 = Debug|Any CPU
		{7E26D9C1-B1CC-4897-816E-A7FFB4810B07}.Release|Any CPU.ActiveCfg = Release|Any CPU
		{7E26D9C1-B1CC-4897-816E-A7FFB4810B07}.Release|Any CPU.Build.0 = Release|Any CPU
		{23ED4CB5-9698-49C0-9A63-5D7F4FBD28B2}.Debug|Any CPU.ActiveCfg = Debug|Any CPU
		{23ED4CB5-9698-49C0-9A63-5D7F4FBD28B2}.Debug|Any CPU.Build.0 = Debug|Any CPU
		{23ED4CB5-9698-49C0-9A63-5D7F4FBD28B2}.Release|Any CPU.ActiveCfg = Release|Any CPU
		{23ED4CB5-9698-49C0-9A63-5D7F4FBD28B2}.Release|Any CPU.Build.0 = Release|Any CPU
		{34AAB94C-793A-421F-AF2F-F1BC9BC9828B}.Debug|Any CPU.ActiveCfg = Debug|Any CPU
		{34AAB94C-793A-421F-AF2F-F1BC9BC9828B}.Debug|Any CPU.Build.0 = Debug|Any CPU
		{34AAB94C-793A-421F-AF2F-F1BC9BC9828B}.Release|Any CPU.ActiveCfg = Release|Any CPU
		{34AAB94C-793A-421F-AF2F-F1BC9BC9828B}.Release|Any CPU.Build.0 = Release|Any CPU
		{39AF72B7-5604-4F9D-BE0D-E98589F19CE7}.Debug|Any CPU.ActiveCfg = Debug|Any CPU
		{39AF72B7-5604-4F9D-BE0D-E98589F19CE7}.Debug|Any CPU.Build.0 = Debug|Any CPU
		{39AF72B7-5604-4F9D-BE0D-E98589F19CE7}.Release|Any CPU.ActiveCfg = Release|Any CPU
		{39AF72B7-5604-4F9D-BE0D-E98589F19CE7}.Release|Any CPU.Build.0 = Release|Any CPU
		{BED7D1D6-DB49-4C69-A7B2-B34DE5C43A85}.Debug|Any CPU.ActiveCfg = Debug|Any CPU
		{BED7D1D6-DB49-4C69-A7B2-B34DE5C43A85}.Debug|Any CPU.Build.0 = Debug|Any CPU
		{BED7D1D6-DB49-4C69-A7B2-B34DE5C43A85}.Release|Any CPU.ActiveCfg = Release|Any CPU
		{BED7D1D6-DB49-4C69-A7B2-B34DE5C43A85}.Release|Any CPU.Build.0 = Release|Any CPU
	EndGlobalSection
	GlobalSection(SolutionProperties) = preSolution
		HideSolutionNode = FALSE
	EndGlobalSection
	GlobalSection(NestedProjects) = preSolution
		{34AAB94C-793A-421F-AF2F-F1BC9BC9828B} = {7A77593C-569B-4399-AC8F-760F7CDF8611}
		{39AF72B7-5604-4F9D-BE0D-E98589F19CE7} = {7A77593C-569B-4399-AC8F-760F7CDF8611}
		{BED7D1D6-DB49-4C69-A7B2-B34DE5C43A85} = {7A77593C-569B-4399-AC8F-760F7CDF8611}
	EndGlobalSection
	GlobalSection(ExtensibilityGlobals) = postSolution
		SolutionGuid = {4890727A-2F4E-4EA6-A470-2B31412ABA78}
	EndGlobalSection
EndGlobal
